
Microsoft Visual Studio Solution File, Format Version 12.00
# Visual Studio Version 17
VisualStudioVersion = 17.8.34330.188
MinimumVisualStudioVersion = 10.0.40219.1
Project("{9A19103F-16F7-4668-BE54-9A1E7A4F7556}") = "SourceGenerator.Test", "SourceGenerator.Test\SourceGenerator.Test.csproj", "{D7A78FD9-575D-4004-AA8D-5356FEEA37ED}"
EndProject
Project("{9A19103F-16F7-4668-BE54-9A1E7A4F7556}") = "SourceGenerator", "SourceGenerator\SourceGenerator.csproj", "{75D7B932-CCFF-479E-A93C-65CACAAE258E}"
EndProject
Project("{FAE04EC0-301F-11D3-BF4B-00C04F79EFBC}") = "SourceGenerator.QSFramework", "SourceGenerator.QSFramework\SourceGenerator.QSFramework.csproj", "{F7897946-9130-4D0F-824E-A9F765B2CA43}"
EndProject
Global
	GlobalSection(SolutionConfigurationPlatforms) = preSolution
		Debug|Any CPU = Debug|Any CPU
		Release|Any CPU = Release|Any CPU
	EndGlobalSection
	GlobalSection(ProjectConfigurationPlatforms) = postSolution
		{D7A78FD9-575D-4004-AA8D-5356FEEA37ED}.Debug|Any CPU.ActiveCfg = Debug|Any CPU
		{D7A78FD9-575D-4004-AA8D-5356FEEA37ED}.Debug|Any CPU.Build.0 = Debug|Any CPU
		{D7A78FD9-575D-4004-AA8D-5356FEEA37ED}.Release|Any CPU.ActiveCfg = Release|Any CPU
		{D7A78FD9-575D-4004-AA8D-5356FEEA37ED}.Release|Any CPU.Build.0 = Release|Any CPU
		{75D7B932-CCFF-479E-A93C-65CACAAE258E}.Debug|Any CPU.ActiveCfg = Debug|Any CPU
		{75D7B932-CCFF-479E-A93C-65CACAAE258E}.Debug|Any CPU.Build.0 = Debug|Any CPU
		{75D7B932-CCFF-479E-A93C-65CACAAE258E}.Release|Any CPU.ActiveCfg = Release|Any CPU
		{75D7B932-CCFF-479E-A93C-65CACAAE258E}.Release|Any CPU.Build.0 = Release|Any CPU
		{F7897946-9130-4D0F-824E-A9F765B2CA43}.Debug|Any CPU.ActiveCfg = Debug|Any CPU
		{F7897946-9130-4D0F-824E-A9F765B2CA43}.Debug|Any CPU.Build.0 = Debug|Any CPU
		{F7897946-9130-4D0F-824E-A9F765B2CA43}.Release|Any CPU.ActiveCfg = Release|Any CPU
		{F7897946-9130-4D0F-824E-A9F765B2CA43}.Release|Any CPU.Build.0 = Release|Any CPU
	EndGlobalSection
	GlobalSection(SolutionProperties) = preSolution
		HideSolutionNode = FALSE
	EndGlobalSection
	GlobalSection(ExtensibilityGlobals) = postSolution
		SolutionGuid = {6D496371-45EB-435A-B873-02F97CC82D35}
	EndGlobalSection
EndGlobal
